
Microsoft Visual Studio Solution File, Format Version 12.00
# Visual Studio 15
VisualStudioVersion = 15.0.28307.329
MinimumVisualStudioVersion = 10.0.40219.1
Project("{FAE04EC0-301F-11D3-BF4B-00C04F79EFBC}") = "MVC-CircloidTemplate", "MVC-CircloidTemplate\MVC-CircloidTemplate.csproj", "{0A0A35F5-282B-42D9-884C-629CE694C0BF}"
EndProject
Global
	GlobalSection(SolutionConfigurationPlatforms) = preSolution
		Debug|Any CPU = Debug|Any CPU
		Release|Any CPU = Release|Any CPU
	EndGlobalSection
	GlobalSection(ProjectConfigurationPlatforms) = postSolution
		{0A0A35F5-282B-42D9-884C-629CE694C0BF}.Debug|Any CPU.ActiveCfg = Debug|Any CPU
		{0A0A35F5-282B-42D9-884C-629CE694C0BF}.Debug|Any CPU.Build.0 = Debug|Any CPU
		{0A0A35F5-282B-42D9-884C-629CE694C0BF}.Release|Any CPU.ActiveCfg = Release|Any CPU
		{0A0A35F5-282B-42D9-884C-629CE694C0BF}.Release|Any CPU.Build.0 = Release|Any CPU
	EndGlobalSection
	GlobalSection(SolutionProperties) = preSolution
		HideSolutionNode = FALSE
	EndGlobalSection
	GlobalSection(ExtensibilityGlobals) = postSolution
		SolutionGuid = {514090E1-E710-4A26-9047-4CFCD0C2288E}
	EndGlobalSection
EndGlobal
